
Microsoft Visual Studio Solution File, Format Version 12.00
# Visual Studio 15
VisualStudioVersion = 15.0.27130.2010
MinimumVisualStudioVersion = 10.0.40219.1
Project("{9A19103F-16F7-4668-BE54-9A1E7A4F7556}") = "ZstdNet", "ZstdNet\ZstdNet.csproj", "{8ADBEB19-A508-471D-87A0-7443EE086E9B}"
EndProject
Project("{9A19103F-16F7-4668-BE54-9A1E7A4F7556}") = "ZstdNet.Tests", "ZstdNet.Tests\ZstdNet.Tests.csproj", "{8DD3694E-9532-4659-AA9F-BB01CBB9341B}"
EndProject
Project("{9A19103F-16F7-4668-BE54-9A1E7A4F7556}") = "ZstdNet.Benchmarks", "ZstdNet.Benchmarks\ZstdNet.Benchmarks.csproj", "{6ACD682F-6E1B-4C7E-B60E-66302AD9E2E3}"
EndProject
Global
	GlobalSection(SolutionConfigurationPlatforms) = preSolution
		Debug|Any CPU = Debug|Any CPU
		Debug|x64 = Debug|x64
		Debug|x86 = Debug|x86
		Release|Any CPU = Release|Any CPU
		Release|x64 = Release|x64
		Release|x86 = Release|x86
	EndGlobalSection
	GlobalSection(ProjectConfigurationPlatforms) = postSolution
		{8ADBEB19-A508-471D-87A0-7443EE086E9B}.Debug|Any CPU.ActiveCfg = Debug|Any CPU
		{8ADBEB19-A508-471D-87A0-7443EE086E9B}.Debug|Any CPU.Build.0 = Debug|Any CPU
		{8ADBEB19-A508-471D-87A0-7443EE086E9B}.Debug|x64.ActiveCfg = Debug|Any CPU
		{8ADBEB19-A508-471D-87A0-7443EE086E9B}.Debug|x64.Build.0 = Debug|Any CPU
		{8ADBEB19-A508-471D-87A0-7443EE086E9B}.Debug|x86.ActiveCfg = Debug|Any CPU
		{8ADBEB19-A508-471D-87A0-7443EE086E9B}.Debug|x86.Build.0 = Debug|Any CPU
		{8ADBEB19-A508-471D-87A0-7443EE086E9B}.Release|Any CPU.ActiveCfg = Release|Any CPU
		{8ADBEB19-A508-471D-87A0-7443EE086E9B}.Release|Any CPU.Build.0 = Release|Any CPU
		{8ADBEB19-A508-471D-87A0-7443EE086E9B}.Release|x64.ActiveCfg = Release|Any CPU
		{8ADBEB19-A508-471D-87A0-7443EE086E9B}.Release|x64.Build.0 = Release|Any CPU
		{8ADBEB19-A508-471D-87A0-7443EE086E9B}.Release|x86.ActiveCfg = Release|Any CPU
		{8ADBEB19-A508-471D-87A0-7443EE086E9B}.Release|x86.Build.0 = Release|Any CPU
		{8DD3694E-9532-4659-AA9F-BB01CBB9341B}.Debug|Any CPU.ActiveCfg = Debug|Any CPU
		{8DD3694E-9532-4659-AA9F-BB01CBB9341B}.Debug|Any CPU.Build.0 = Debug|Any CPU
		{8DD3694E-9532-4659-AA9F-BB01CBB9341B}.Debug|x64.ActiveCfg = Debug|Any CPU
		{8DD3694E-9532-4659-AA9F-BB01CBB9341B}.Debug|x64.Build.0 = Debug|Any CPU
		{8DD3694E-9532-4659-AA9F-BB01CBB9341B}.Debug|x86.ActiveCfg = Debug|Any CPU
		{8DD3694E-9532-4659-AA9F-BB01CBB9341B}.Debug|x86.Build.0 = Debug|Any CPU
		{8DD3694E-9532-4659-AA9F-BB01CBB9341B}.Release|Any CPU.ActiveCfg = Release|Any CPU
		{8DD3694E-9532-4659-AA9F-BB01CBB9341B}.Release|Any CPU.Build.0 = Release|Any CPU
		{8DD3694E-9532-4659-AA9F-BB01CBB9341B}.Release|x64.ActiveCfg = Release|Any CPU
		{8DD3694E-9532-4659-AA9F-BB01CBB9341B}.Release|x64.Build.0 = Release|Any CPU
		{8DD3694E-9532-4659-AA9F-BB01CBB9341B}.Release|x86.ActiveCfg = Release|Any CPU
		{8DD3694E-9532-4659-AA9F-BB01CBB9341B}.Release|x86.Build.0 = Release|Any CPU
		{6ACD682F-6E1B-4C7E-B60E-66302AD9E2E3}.Debug|Any CPU.ActiveCfg = Debug|Any CPU
		{6ACD682F-6E1B-4C7E-B60E-66302AD9E2E3}.Debug|Any CPU.Build.0 = Debug|Any CPU
		{6ACD682F-6E1B-4C7E-B60E-66302AD9E2E3}.Debug|x64.ActiveCfg = Debug|Any CPU
		{6ACD682F-6E1B-4C7E-B60E-66302AD9E2E3}.Debug|x64.Build.0 = Debug|Any CPU
		{6ACD682F-6E1B-4C7E-B60E-66302AD9E2E3}.Debug|x86.ActiveCfg = Debug|Any CPU
		{6ACD682F-6E1B-4C7E-B60E-66302AD9E2E3}.Debug|x86.Build.0 = Debug|Any CPU
		{6ACD682F-6E1B-4C7E-B60E-66302AD9E2E3}.Release|Any CPU.ActiveCfg = Release|Any CPU
		{6ACD682F-6E1B-4C7E-B60E-66302AD9E2E3}.Release|Any CPU.Build.0 = Release|Any CPU
		{6ACD682F-6E1B-4C7E-B60E-66302AD9E2E3}.Release|x64.ActiveCfg = Release|Any CPU
		{6ACD682F-6E1B-4C7E-B60E-66302AD9E2E3}.Release|x64.Build.0 = Release|Any CPU
		{6ACD682F-6E1B-4C7E-B60E-66302AD9E2E3}.Release|x86.ActiveCfg = Release|Any CPU
		{6ACD682F-6E1B-4C7E-B60E-66302AD9E2E3}.Release|x86.Build.0 = Release|Any CPU
	EndGlobalSection
	GlobalSection(SolutionProperties) = preSolution
		HideSolutionNode = FALSE
	EndGlobalSection
	GlobalSection(ExtensibilityGlobals) = postSolution
		SolutionGuid = {799921F9-704F-4A35-A7D6-066C28B93B2E}
	EndGlobalSection
EndGlobal
